
Microsoft Visual Studio Solution File, Format Version 12.00
# Visual Studio Version 16
VisualStudioVersion = 16.0.31321.278
MinimumVisualStudioVersion = 10.0.40219.1
Project("{FAE04EC0-301F-11D3-BF4B-00C04F79EFBC}") = "Photo_album", "Photo_album\Photo_album.csproj", "{62556449-C4D8-49FC-89C7-634A76AB4E1D}"
EndProject
Global
	GlobalSection(SolutionConfigurationPlatforms) = preSolution
		Debug|Any CPU = Debug|Any CPU
		Release|Any CPU = Release|Any CPU
	EndGlobalSection
	GlobalSection(ProjectConfigurationPlatforms) = postSolution
		{62556449-C4D8-49FC-89C7-634A76AB4E1D}.Debug|Any CPU.ActiveCfg = Debug|Any CPU
		{62556449-C4D8-49FC-89C7-634A76AB4E1D}.Debug|Any CPU.Build.0 = Debug|Any CPU
		{62556449-C4D8-49FC-89C7-634A76AB4E1D}.Release|Any CPU.ActiveCfg = Release|Any CPU
		{62556449-C4D8-49FC-89C7-634A76AB4E1D}.Release|Any CPU.Build.0 = Release|Any CPU
	EndGlobalSection
	GlobalSection(SolutionProperties) = preSolution
		HideSolutionNode = FALSE
	EndGlobalSection
	GlobalSection(ExtensibilityGlobals) = postSolution
		SolutionGuid = {AA802C0C-BA58-4D68-A915-102BCC46BA90}
	EndGlobalSection
EndGlobal
